// !$*UTF8*$!
{
	archiveVersion = 1;
	classes = {
	};
	objectVersion = 55;
	objects = {

/* Begin PBXBuildFile section */
		26CAFC0D27AE564300C676E7 /* AppDelegate.swift in Sources */ = {isa = PBXBuildFile; fileRef = 26CAFC0C27AE564300C676E7 /* AppDelegate.swift */; };
		26CAFC0F27AE564300C676E7 /* SceneDelegate.swift in Sources */ = {isa = PBXBuildFile; fileRef = 26CAFC0E27AE564300C676E7 /* SceneDelegate.swift */; };
		26CAFC1127AE564300C676E7 /* ViewController.swift in Sources */ = {isa = PBXBuildFile; fileRef = 26CAFC1027AE564300C676E7 /* ViewController.swift */; };
		26CAFC1427AE564300C676E7 /* Main.storyboard in Resources */ = {isa = PBXBuildFile; fileRef = 26CAFC1227AE564300C676E7 /* Main.storyboard */; };
		26CAFC1627AE564400C676E7 /* Assets.xcassets in Resources */ = {isa = PBXBuildFile; fileRef = 26CAFC1527AE564400C676E7 /* Assets.xcassets */; };
		26CAFC1927AE564400C676E7 /* LaunchScreen.storyboard in Resources */ = {isa = PBXBuildFile; fileRef = 26CAFC1727AE564400C676E7 /* LaunchScreen.storyboard */; };
		26CAFC2127AE6EDD00C676E7 /* ViewController2.swift in Sources */ = {isa = PBXBuildFile; fileRef = 26CAFC2027AE6EDD00C676E7 /* ViewController2.swift */; };
		26CAFC2327AED0AD00C676E7 /* ViewController3.swift in Sources */ = {isa = PBXBuildFile; fileRef = 26CAFC2227AED0AD00C676E7 /* ViewController3.swift */; };
/* End PBXBuildFile section */

/* Begin PBXFileReference section */
		26CAFC0927AE564300C676E7 /* Peach 2.0.app */ = {isa = PBXFileReference; explicitFileType = wrapper.application; includeInIndex = 0; path = "Peach 2.0.app"; sourceTree = BUILT_PRODUCTS_DIR; };
		26CAFC0C27AE564300C676E7 /* AppDelegate.swift */ = {isa = PBXFileReference; lastKnownFileType = sourcecode.swift; path = AppDelegate.swift; sourceTree = "<group>"; };
		26CAFC0E27AE564300C676E7 /* SceneDelegate.swift */ = {isa = PBXFileReference; lastKnownFileType = sourcecode.swift; path = SceneDelegate.swift; sourceTree = "<group>"; };
		26CAFC1027AE564300C676E7 /* ViewController.swift */ = {isa = PBXFileReference; lastKnownFileType = sourcecode.swift; path = ViewController.swift; sourceTree = "<group>"; };
		26CAFC1327AE564300C676E7 /* Base */ = {isa = PBXFileReference; lastKnownFileType = file.storyboard; name = Base; path = Base.lproj/Main.storyboard; sourceTree = "<group>"; };
		26CAFC1527AE564400C676E7 /* Assets.xcassets */ = {isa = PBXFileReference; lastKnownFileType = folder.assetcatalog; path = Assets.xcassets; sourceTree = "<group>"; };
		26CAFC1827AE564400C676E7 /* Base */ = {isa = PBXFileReference; lastKnownFileType = file.storyboard; name = Base; path = Base.lproj/LaunchScreen.storyboard; sourceTree = "<group>"; };
		26CAFC1A27AE564400C676E7 /* Info.plist */ = {isa = PBXFileReference; lastKnownFileType = text.plist.xml; path = Info.plist; sourceTree = "<group>"; };
		26CAFC2027AE6EDD00C676E7 /* ViewController2.swift */ = {isa = PBXFileReference; lastKnownFileType = sourcecode.swift; path = ViewController2.swift; sourceTree = "<group>"; };
		26CAFC2227AED0AD00C676E7 /* ViewController3.swift */ = {isa = PBXFileReference; lastKnownFileType = sourcecode.swift; path = ViewController3.swift; sourceTree = "<group>"; };
/* End PBXFileReference section */

/* Begin PBXFrameworksBuildPhase section */
		26CAFC0627AE564300C676E7 /* Frameworks */ = {
			isa = PBXFrameworksBuildPhase;
			buildActionMask = 2147483647;
			files = (
			);
			runOnlyForDeploymentPostprocessing = 0;
		};
/* End PBXFrameworksBuildPhase section */

/* Begin PBXGroup section */
		26CAFC0027AE564300C676E7 = {
			isa = PBXGroup;
			children = (
				26CAFC0B27AE564300C676E7 /* Peach 2.0 */,
				26CAFC0A27AE564300C676E7 /* Products */,
			);
			sourceTree = "<group>";
		};
		26CAFC0A27AE564300C676E7 /* Products */ = {
			isa = PBXGroup;
			children = (
				26CAFC0927AE564300C676E7 /* Peach 2.0.app */,
			);
			name = Products;
			sourceTree = "<group>";
		};
		26CAFC0B27AE564300C676E7 /* Peach 2.0 */ = {
			isa = PBXGroup;
			children = (
				26CAFC0C27AE564300C676E7 /* AppDelegate.swift */,
				26CAFC0E27AE564300C676E7 /* SceneDelegate.swift */,
				26CAFC1027AE564300C676E7 /* ViewController.swift */,
				26CAFC2027AE6EDD00C676E7 /* ViewController2.swift */,
				26CAFC2227AED0AD00C676E7 /* ViewController3.swift */,
				26CAFC1227AE564300C676E7 /* Main.storyboard */,
				26CAFC1527AE564400C676E7 /* Assets.xcassets */,
				26CAFC1727AE564400C676E7 /* LaunchScreen.storyboard */,
				26CAFC1A27AE564400C676E7 /* Info.plist */,
			);
			path = "Peach 2.0";
			sourceTree = "<group>";
		};
/* End PBXGroup section */

/* Begin PBXNativeTarget section */
		26CAFC0827AE564300C676E7 /* Peach 2.0 */ = {
			isa = PBXNativeTarget;
			buildConfigurationList = 26CAFC1D27AE564400C676E7 /* Build configuration list for PBXNativeTarget "Peach 2.0" */;
			buildPhases = (
				26CAFC0527AE564300C676E7 /* Sources */,
				26CAFC0627AE564300C676E7 /* Frameworks */,
				26CAFC0727AE564300C676E7 /* Resources */,
			);
			buildRules = (
			);
			dependencies = (
			);
			name = "Peach 2.0";
			productName = "Peach 2.0";
			productReference = 26CAFC0927AE564300C676E7 /* Peach 2.0.app */;
			productType = "com.apple.product-type.application";
		};
/* End PBXNativeTarget section */

/* Begin PBXProject section */
		26CAFC0127AE564300C676E7 /* Project object */ = {
			isa = PBXProject;
			attributes = {
				BuildIndependentTargetsInParallel = 1;
				LastSwiftUpdateCheck = 1320;
				LastUpgradeCheck = 1320;
				TargetAttributes = {
					26CAFC0827AE564300C676E7 = {
						CreatedOnToolsVersion = 13.2.1;
					};
				};
			};
			buildConfigurationList = 26CAFC0427AE564300C676E7 /* Build configuration list for PBXProject "Peach 2.0" */;
			compatibilityVersion = "Xcode 13.0";
			developmentRegion = en;
			hasScannedForEncodings = 0;
			knownRegions = (
				en,
				Base,
			);
			mainGroup = 26CAFC0027AE564300C676E7;
			productRefGroup = 26CAFC0A27AE564300C676E7 /* Products */;
			projectDirPath = "";
			projectRoot = "";
			targets = (
				26CAFC0827AE564300C676E7 /* Peach 2.0 */,
			);
		};
/* End PBXProject section */

/* Begin PBXResourcesBuildPhase section */
		26CAFC0727AE564300C676E7 /* Resources */ = {
			isa = PBXResourcesBuildPhase;
			buildActionMask = 2147483647;
			files = (
				26CAFC1927AE564400C676E7 /* LaunchScreen.storyboard in Resources */,
				26CAFC1627AE564400C676E7 /* Assets.xcassets in Resources */,
				26CAFC1427AE564300C676E7 /* Main.storyboard in Resources */,
			);
			runOnlyForDeploymentPostprocessing = 0;
		};
/* End PBXResourcesBuildPhase section */

/* Begin PBXSourcesBuildPhase section */
		26CAFC0527AE564300C676E7 /* Sources */ = {
			isa = PBXSourcesBuildPhase;
			buildActionMask = 2147483647;
			files = (
				26CAFC2327AED0AD00C676E7 /* ViewController3.swift in Sources */,
				26CAFC1127AE564300C676E7 /* ViewController.swift in Sources */,
				26CAFC2127AE6EDD00C676E7 /* ViewController2.swift in Sources */,
				26CAFC0D27AE564300C676E7 /* AppDelegate.swift in Sources */,
				26CAFC0F27AE564300C676E7 /* SceneDelegate.swift in Sources */,
			);
			runOnlyForDeploymentPostprocessing = 0;
		};
/* End PBXSourcesBuildPhase section */

/* Begin PBXVariantGroup section */
		26CAFC1227AE564300C676E7 /* Main.storyboard */ = {
			isa = PBXVariantGroup;
			children = (
				26CAFC1327AE564300C676E7 /* Base */,
			);
			name = Main.storyboard;
			sourceTree = "<group>";
		};
		26CAFC1727AE564400C676E7 /* LaunchScreen.storyboard */ = {
			isa = PBXVariantGroup;
			children = (
				26CAFC1827AE564400C676E7 /* Base */,
			);
			name = LaunchScreen.storyboard;
			sourceTree = "<group>";
		};
/* End PBXVariantGroup section */

/* Begin XCBuildConfiguration section */
		26CAFC1B27AE564400C676E7 /* Debug */ = {
			isa = XCBuildConfiguration;
			buildSettings = {
				ALWAYS_SEARCH_USER_PATHS = NO;
				CLANG_ANALYZER_NONNULL = YES;
				CLANG_ANALYZER_NUMBER_OBJECT_CONVERSION = YES_AGGRESSIVE;
				CLANG_CXX_LANGUAGE_STANDARD = "gnu++17";
				CLANG_CXX_LIBRARY = "libc++";
				CLANG_ENABLE_MODULES = YES;
				CLANG_ENABLE_OBJC_ARC = YES;
				CLANG_ENABLE_OBJC_WEAK = YES;
				CLANG_WARN_BLOCK_CAPTURE_AUTORELEASING = YES;
				CLANG_WARN_BOOL_CONVERSION = YES;
				CLANG_WARN_COMMA = YES;
				CLANG_WARN_CONSTANT_CONVERSION = YES;
				CLANG_WARN_DEPRECATED_OBJC_IMPLEMENTATIONS = YES;
				CLANG_WARN_DIRECT_OBJC_ISA_USAGE = YES_ERROR;
				CLANG_WARN_DOCUMENTATION_COMMENTS = YES;
				CLANG_WARN_EMPTY_BODY = YES;
				CLANG_WARN_ENUM_CONVERSION = YES;
				CLANG_WARN_INFINITE_RECURSION = YES;
				CLANG_WARN_INT_CONVERSION = YES;
				CLANG_WARN_NON_LITERAL_NULL_CONVERSION = YES;
				CLANG_WARN_OBJC_IMPLICIT_RETAIN_SELF = YES;
				CLANG_WARN_OBJC_LITERAL_CONVERSION = YES;
				CLANG_WARN_OBJC_ROOT_CLASS = YES_ERROR;
				CLANG_WARN_QUOTED_INCLUDE_IN_FRAMEWORK_HEADER = YES;
				CLANG_WARN_RANGE_LOOP_ANALYSIS = YES;
				CLANG_WARN_STRICT_PROTOTYPES = YES;
				CLANG_WARN_SUSPICIOUS_MOVE = YES;
				CLANG_WARN_UNGUARDED_AVAILABILITY = YES_AGGRESSIVE;
				CLANG_WARN_UNREACHABLE_CODE = YES;
				CLANG_WARN__DUPLICATE_METHOD_MATCH = YES;
				COPY_PHASE_STRIP = NO;
				DEBUG_INFORMATION_FORMAT = dwarf;
				ENABLE_STRICT_OBJC_MSGSEND = YES;
				ENABLE_TESTABILITY = YES;
				GCC_C_LANGUAGE_STANDARD = gnu11;
				GCC_DYNAMIC_NO_PIC = NO;
				GCC_NO_COMMON_BLOCKS = YES;
				GCC_OPTIMIZATION_LEVEL = 0;
				GCC_PREPROCESSOR_DEFINITIONS = (
					"DEBUG=1",
					"$(inherited)",
				);
				GCC_WARN_64_TO_32_BIT_CONVERSION = YES;
				GCC_WARN_ABOUT_RETURN_TYPE = YES_ERROR;
				GCC_WARN_UNDECLARED_SELECTOR = YES;
				GCC_WARN_UNINITIALIZED_AUTOS = YES_AGGRESSIVE;
				GCC_WARN_UNUSED_FUNCTION = YES;
				GCC_WARN_UNUSED_VARIABLE = YES;
				IPHONEOS_DEPLOYMENT_TARGET = 15.2;
				MTL_ENABLE_DEBUG_INFO = INCLUDE_SOURCE;
				MTL_FAST_MATH = YES;
				ONLY_ACTIVE_ARCH = YES;
				SDKROOT = iphoneos;
				SWIFT_ACTIVE_COMPILATION_CONDITIONS = DEBUG;
				SWIFT_OPTIMIZATION_LEVEL = "-Onone";
			};
			name = Debug;
		};
		26CAFC1C27AE564400C676E7 /* Release */ = {
			isa = XCBuildConfiguration;
			buildSettings = {
				ALWAYS_SEARCH_USER_PATHS = NO;
				CLANG_ANALYZER_NONNULL = YES;
				CLANG_ANALYZER_NUMBER_OBJECT_CONVERSION = YES_AGGRESSIVE;
				CLANG_CXX_LANGUAGE_STANDARD = "gnu++17";
				CLANG_CXX_LIBRARY = "libc++";
				CLANG_ENABLE_MODULES = YES;
				CLANG_ENABLE_OBJC_ARC = YES;
				CLANG_ENABLE_OBJC_WEAK = YES;
				CLANG_WARN_BLOCK_CAPTURE_AUTORELEASING = YES;
				CLANG_WARN_BOOL_CONVERSION = YES;
				CLANG_WARN_COMMA = YES;
				CLANG_WARN_CONSTANT_CONVERSION = YES;
				CLANG_WARN_DEPRECATED_OBJC_IMPLEMENTATIONS = YES;
				CLANG_WARN_DIRECT_OBJC_ISA_USAGE = YES_ERROR;
				CLANG_WARN_DOCUMENTATION_COMMENTS = YES;
				CLANG_WARN_EMPTY_BODY = YES;
				CLANG_WARN_ENUM_CONVERSION = YES;
				CLANG_WARN_INFINITE_RECURSION = YES;
				CLANG_WARN_INT_CONVERSION = YES;
				CLANG_WARN_NON_LITERAL_NULL_CONVERSION = YES;
				CLANG_WARN_OBJC_IMPLICIT_RETAIN_SELF = YES;
				CLANG_WARN_OBJC_LITERAL_CONVERSION = YES;
				CLANG_WARN_OBJC_ROOT_CLASS = YES_ERROR;
				CLANG_WARN_QUOTED_INCLUDE_IN_FRAMEWORK_HEADER = YES;
				CLANG_WARN_RANGE_LOOP_ANALYSIS = YES;
				CLANG_WARN_STRICT_PROTOTYPES = YES;
				CLANG_WARN_SUSPICIOUS_MOVE = YES;
				CLANG_WARN_UNGUARDED_AVAILABILITY = YES_AGGRESSIVE;
				CLANG_WARN_UNREACHABLE_CODE = YES;
				CLANG_WARN__DUPLICATE_METHOD_MATCH = YES;
				COPY_PHASE_STRIP = NO;
				DEBUG_INFORMATION_FORMAT = "dwarf-with-dsym";
				ENABLE_NS_ASSERTIONS = NO;
				ENABLE_STRICT_OBJC_MSGSEND = YES;
				GCC_C_LANGUAGE_STANDARD = gnu11;
				GCC_NO_COMMON_BLOCKS = YES;
				GCC_WARN_64_TO_32_BIT_CONVERSION = YES;
				GCC_WARN_ABOUT_RETURN_TYPE = YES_ERROR;
				GCC_WARN_UNDECLARED_SELECTOR = YES;
				GCC_WARN_UNINITIALIZED_AUTOS = YES_AGGRESSIVE;
				GCC_WARN_UNUSED_FUNCTION = YES;
				GCC_WARN_UNUSED_VARIABLE = YES;
				IPHONEOS_DEPLOYMENT_TARGET = 15.2;
				MTL_ENABLE_DEBUG_INFO = NO;
				MTL_FAST_MATH = YES;
				SDKROOT = iphoneos;
				SWIFT_COMPILATION_MODE = wholemodule;
				SWIFT_OPTIMIZATION_LEVEL = "-O";
				VALIDATE_PRODUCT = YES;
			};
			name = Release;
		};
		26CAFC1E27AE564400C676E7 /* Debug */ = {
			isa = XCBuildConfiguration;
			buildSettings = {
				ASSETCATALOG_COMPILER_APPICON_NAME = AppIcon;
				ASSETCATALOG_COMPILER_GLOBAL_ACCENT_COLOR_NAME = AccentColor;
				CODE_SIGN_STYLE = Automatic;
				CURRENT_PROJECT_VERSION = 1;
				DEVELOPMENT_TEAM = SV586A4XM8;
				GENERATE_INFOPLIST_FILE = YES;
				INFOPLIST_FILE = "Peach 2.0/Info.plist";
				INFOPLIST_KEY_UIApplicationSupportsIndirectInputEvents = YES;
				INFOPLIST_KEY_UILaunchStoryboardName = LaunchScreen;
				INFOPLIST_KEY_UIMainStoryboardFile = Main;
				INFOPLIST_KEY_UISupportedInterfaceOrientations_iPad = "UIInterfaceOrientationPortrait UIInterfaceOrientationPortraitUpsideDown UIInterfaceOrientationLandscapeLeft UIInterfaceOrientationLandscapeRight";
				INFOPLIST_KEY_UISupportedInterfaceOrientations_iPhone = "UIInterfaceOrientationPortrait UIInterfaceOrientationLandscapeLeft UIInterfaceOrientationLandscapeRight";
				LD_RUNPATH_SEARCH_PATHS = (
					"$(inherited)",
					"@executable_path/Frameworks",
				);
				MARKETING_VERSION = 1.0;
				PRODUCT_BUNDLE_IDENTIFIER = "com.Peach-2-0";
				PRODUCT_NAME = "$(TARGET_NAME)";
				SWIFT_EMIT_LOC_STRINGS = YES;
				SWIFT_VERSION = 5.0;
				TARGETED_DEVICE_FAMILY = "1,2";
			};
			name = Debug;
		};
		26CAFC1F27AE564400C676E7 /* Release */ = {
			isa = XCBuildConfiguration;
			buildSettings = {
				ASSETCATALOG_COMPILER_APPICON_NAME = AppIcon;
				ASSETCATALOG_COMPILER_GLOBAL_ACCENT_COLOR_NAME = AccentColor;
				CODE_SIGN_STYLE = Automatic;
				CURRENT_PROJECT_VERSION = 1;
				DEVELOPMENT_TEAM = SV586A4XM8;
				GENERATE_INFOPLIST_FILE = YES;
				INFOPLIST_FILE = "Peach 2.0/Info.plist";
				INFOPLIST_KEY_UIApplicationSupportsIndirectInputEvents = YES;
				INFOPLIST_KEY_UILaunchStoryboardName = LaunchScreen;
				INFOPLIST_KEY_UIMainStoryboardFile = Main;
				INFOPLIST_KEY_UISupportedInterfaceOrientations_iPad = "UIInterfaceOrientationPortrait UIInterfaceOrientationPortraitUpsideDown UIInterfaceOrientationLandscapeLeft UIInterfaceOrientationLandscapeRight";
				INFOPLIST_KEY_UISupportedInterfaceOrientations_iPhone = "UIInterfaceOrientationPortrait UIInterfaceOrientationLandscapeLeft UIInterfaceOrientationLandscapeRight";
				LD_RUNPATH_SEARCH_PATHS = (
					"$(inherited)",
					"@executable_path/Frameworks",
				);
				MARKETING_VERSION = 1.0;
				PRODUCT_BUNDLE_IDENTIFIER = "com.Peach-2-0";
				PRODUCT_NAME = "$(TARGET_NAME)";
				SWIFT_EMIT_LOC_STRINGS = YES;
				SWIFT_VERSION = 5.0;
				TARGETED_DEVICE_FAMILY = "1,2";
			};
			name = Release;
		};
/* End XCBuildConfiguration section */

/* Begin XCConfigurationList section */
		26CAFC0427AE564300C676E7 /* Build configuration list for PBXProject "Peach 2.0" */ = {
			isa = XCConfigurationList;
			buildConfigurations = (
				26CAFC1B27AE564400C676E7 /* Debug */,
				26CAFC1C27AE564400C676E7 /* Release */,
			);
			defaultConfigurationIsVisible = 0;
			defaultConfigurationName = Release;
		};
		26CAFC1D27AE564400C676E7 /* Build configuration list for PBXNativeTarget "Peach 2.0" */ = {
			isa = XCConfigurationList;
			buildConfigurations = (
				26CAFC1E27AE564400C676E7 /* Debug */,
				26CAFC1F27AE564400C676E7 /* Release */,
			);
			defaultConfigurationIsVisible = 0;
			defaultConfigurationName = Release;
		};
/* End XCConfigurationList section */
	};
	rootObject = 26CAFC0127AE564300C676E7 /* Project object */;
}
